
Microsoft Visual Studio Solution File, Format Version 12.00
# Visual Studio Version 16
VisualStudioVersion = 16.0.810.12
MinimumVisualStudioVersion = 10.0.40219.1
Project("{FAE04EC0-301F-11D3-BF4B-00C04F79EFBC}") = "DownloadManager", "DownloadManager\DownloadManager.csproj", "{62B8E299-9BD9-4CD0-BCE5-07F7756AF1BB}"
EndProject
Global
	GlobalSection(SolutionConfigurationPlatforms) = preSolution
		Debug|Any CPU = Debug|Any CPU
		Release|Any CPU = Release|Any CPU
	EndGlobalSection
	GlobalSection(ProjectConfigurationPlatforms) = postSolution
		{62B8E299-9BD9-4CD0-BCE5-07F7756AF1BB}.Debug|Any CPU.ActiveCfg = Debug|Any CPU
		{62B8E299-9BD9-4CD0-BCE5-07F7756AF1BB}.Debug|Any CPU.Build.0 = Debug|Any CPU
		{62B8E299-9BD9-4CD0-BCE5-07F7756AF1BB}.Release|Any CPU.ActiveCfg = Release|Any CPU
		{62B8E299-9BD9-4CD0-BCE5-07F7756AF1BB}.Release|Any CPU.Build.0 = Release|Any CPU
	EndGlobalSection
	GlobalSection(SolutionProperties) = preSolution
		HideSolutionNode = FALSE
	EndGlobalSection
	GlobalSection(ExtensibilityGlobals) = postSolution
		SolutionGuid = {949D3D62-92B6-435F-9D64-DCD4C8C2368F}
	EndGlobalSection
EndGlobal
